
Microsoft Visual Studio Solution File, Format Version 12.00
Project("{FAE04EC0-301F-11D3-BF4B-00C04F79EFBC}") = "BankingApplication.Transactions.Api", "BankingApplication.Transactions.Api\BankingApplication.Transactions.Api.csproj", "{DEEBF864-1975-4378-A5BB-AD1FEC05588A}"
EndProject
Project("{FAE04EC0-301F-11D3-BF4B-00C04F79EFBC}") = "BankingApplication.Database", "BankingApplication.Database\BankingApplication.Database.csproj", "{38001351-5D5E-4733-A8F5-DF88C29FBF09}"
EndProject
Project("{FAE04EC0-301F-11D3-BF4B-00C04F79EFBC}") = "BankingApplication.Application", "BankingApplication.Application\BankingApplication.Application.csproj", "{B91B3F42-ADAD-48FE-B4F0-4122700F2E6A}"
EndProject
Project("{FAE04EC0-301F-11D3-BF4B-00C04F79EFBC}") = "BankingApplication.Core", "BankingApplication.Core\BankingApplication.Core.csproj", "{B264714D-52DE-4B3F-82BC-D0DD0E406C52}"
EndProject
Global
	GlobalSection(SolutionConfigurationPlatforms) = preSolution
		Debug|Any CPU = Debug|Any CPU
		Release|Any CPU = Release|Any CPU
	EndGlobalSection
	GlobalSection(ProjectConfigurationPlatforms) = postSolution
		{DEEBF864-1975-4378-A5BB-AD1FEC05588A}.Debug|Any CPU.ActiveCfg = Debug|Any CPU
		{DEEBF864-1975-4378-A5BB-AD1FEC05588A}.Debug|Any CPU.Build.0 = Debug|Any CPU
		{DEEBF864-1975-4378-A5BB-AD1FEC05588A}.Release|Any CPU.ActiveCfg = Release|Any CPU
		{DEEBF864-1975-4378-A5BB-AD1FEC05588A}.Release|Any CPU.Build.0 = Release|Any CPU
		{38001351-5D5E-4733-A8F5-DF88C29FBF09}.Debug|Any CPU.ActiveCfg = Debug|Any CPU
		{38001351-5D5E-4733-A8F5-DF88C29FBF09}.Debug|Any CPU.Build.0 = Debug|Any CPU
		{38001351-5D5E-4733-A8F5-DF88C29FBF09}.Release|Any CPU.ActiveCfg = Release|Any CPU
		{38001351-5D5E-4733-A8F5-DF88C29FBF09}.Release|Any CPU.Build.0 = Release|Any CPU
		{B91B3F42-ADAD-48FE-B4F0-4122700F2E6A}.Debug|Any CPU.ActiveCfg = Debug|Any CPU
		{B91B3F42-ADAD-48FE-B4F0-4122700F2E6A}.Debug|Any CPU.Build.0 = Debug|Any CPU
		{B91B3F42-ADAD-48FE-B4F0-4122700F2E6A}.Release|Any CPU.ActiveCfg = Release|Any CPU
		{B91B3F42-ADAD-48FE-B4F0-4122700F2E6A}.Release|Any CPU.Build.0 = Release|Any CPU
		{B264714D-52DE-4B3F-82BC-D0DD0E406C52}.Debug|Any CPU.ActiveCfg = Debug|Any CPU
		{B264714D-52DE-4B3F-82BC-D0DD0E406C52}.Debug|Any CPU.Build.0 = Debug|Any CPU
		{B264714D-52DE-4B3F-82BC-D0DD0E406C52}.Release|Any CPU.ActiveCfg = Release|Any CPU
		{B264714D-52DE-4B3F-82BC-D0DD0E406C52}.Release|Any CPU.Build.0 = Release|Any CPU
	EndGlobalSection
EndGlobal
